// !$*UTF8*$!
{
	archiveVersion = 1;
	classes = {
	};
	objectVersion = 55;
	objects = {

/* Begin PBXBuildFile section */
		03342B632D32943B629A061B /* Pods_CrptoInfo.framework in Frameworks */ = {isa = PBXBuildFile; fileRef = BCF80DD379999D08D9975071 /* Pods_CrptoInfo.framework */; };
		04989A2E27854F17008E480C /* NewsViewController.swift in Sources */ = {isa = PBXBuildFile; fileRef = 04989A2D27854F17008E480C /* NewsViewController.swift */; };
		04AD76E627859A86008D5F83 /* NewsTableViewCell.swift in Sources */ = {isa = PBXBuildFile; fileRef = 04AD76E527859A86008D5F83 /* NewsTableViewCell.swift */; };
		04AD76EA2785DAF5008D5F83 /* CointTableViewCell.swift in Sources */ = {isa = PBXBuildFile; fileRef = 04AD76E92785DAF5008D5F83 /* CointTableViewCell.swift */; };
		04BCC726278493900093DD73 /* AppDelegate.swift in Sources */ = {isa = PBXBuildFile; fileRef = 04BCC725278493900093DD73 /* AppDelegate.swift */; };
		04BCC72A278493900093DD73 /* ViewController.swift in Sources */ = {isa = PBXBuildFile; fileRef = 04BCC729278493900093DD73 /* ViewController.swift */; };
		04BCC72D278493900093DD73 /* Main.storyboard in Resources */ = {isa = PBXBuildFile; fileRef = 04BCC72B278493900093DD73 /* Main.storyboard */; };
		04BCC72F278493920093DD73 /* Assets.xcassets in Resources */ = {isa = PBXBuildFile; fileRef = 04BCC72E278493920093DD73 /* Assets.xcassets */; };
		04BCC732278493920093DD73 /* LaunchScreen.storyboard in Resources */ = {isa = PBXBuildFile; fileRef = 04BCC730278493920093DD73 /* LaunchScreen.storyboard */; };
		04BCC73D2784A0F70093DD73 /* Coin.swift in Sources */ = {isa = PBXBuildFile; fileRef = 04BCC73C2784A0F70093DD73 /* Coin.swift */; };
		04BCC73F2784A6660093DD73 /* News.swift in Sources */ = {isa = PBXBuildFile; fileRef = 04BCC73E2784A6660093DD73 /* News.swift */; };
		04BCC7462784AC5C0093DD73 /* NetworkResult.swift in Sources */ = {isa = PBXBuildFile; fileRef = 04BCC7452784AC5C0093DD73 /* NetworkResult.swift */; };
		04BCC74A2784B0460093DD73 /* NewsNetworkProvider.swift in Sources */ = {isa = PBXBuildFile; fileRef = 04BCC7492784B0460093DD73 /* NewsNetworkProvider.swift */; };
		04BCC74C2784B2490093DD73 /* NewsUseCase.swift in Sources */ = {isa = PBXBuildFile; fileRef = 04BCC74B2784B2490093DD73 /* NewsUseCase.swift */; };
		04BCC74F2784BC3E0093DD73 /* NewsViewModel.swift in Sources */ = {isa = PBXBuildFile; fileRef = 04BCC74E2784BC3E0093DD73 /* NewsViewModel.swift */; };
		04BCC7512784BCA90093DD73 /* NewsGuideline.swift in Sources */ = {isa = PBXBuildFile; fileRef = 04BCC7502784BCA90093DD73 /* NewsGuideline.swift */; };
		04E0CF19278691E200CEABAC /* CoinNetworkProvider.swift in Sources */ = {isa = PBXBuildFile; fileRef = 04E0CF18278691E100CEABAC /* CoinNetworkProvider.swift */; };
		04E0CF1B2786A3DF00CEABAC /* CoinUseCase.swift in Sources */ = {isa = PBXBuildFile; fileRef = 04E0CF1A2786A3DF00CEABAC /* CoinUseCase.swift */; };
		04E0CF1E2786B84E00CEABAC /* CoinGuideline.swift in Sources */ = {isa = PBXBuildFile; fileRef = 04E0CF1D2786B84E00CEABAC /* CoinGuideline.swift */; };
		04E0CF202786BA2B00CEABAC /* CoinViewModel.swift in Sources */ = {isa = PBXBuildFile; fileRef = 04E0CF1F2786BA2B00CEABAC /* CoinViewModel.swift */; };
		04E0CF232786C12500CEABAC /* ListCoinViewController.swift in Sources */ = {isa = PBXBuildFile; fileRef = 04E0CF222786C12500CEABAC /* ListCoinViewController.swift */; };
		04E0CF252787249200CEABAC /* ListCoinUIControll.swift in Sources */ = {isa = PBXBuildFile; fileRef = 04E0CF242787249200CEABAC /* ListCoinUIControll.swift */; };
		04E0CF272787258400CEABAC /* UIGuideHelper.swift in Sources */ = {isa = PBXBuildFile; fileRef = 04E0CF262787258400CEABAC /* UIGuideHelper.swift */; };
		04E0CF2927872F5A00CEABAC /* CoinCellUIControll.swift in Sources */ = {isa = PBXBuildFile; fileRef = 04E0CF2827872F5A00CEABAC /* CoinCellUIControll.swift */; };
		04E0CF2B278730B600CEABAC /* CoinCellUIGuide.swift in Sources */ = {isa = PBXBuildFile; fileRef = 04E0CF2A278730B600CEABAC /* CoinCellUIGuide.swift */; };
		04E0CF2D2787438F00CEABAC /* ListNewsUIControll.swift in Sources */ = {isa = PBXBuildFile; fileRef = 04E0CF2C2787438F00CEABAC /* ListNewsUIControll.swift */; };
		04E0CF2F278748C000CEABAC /* HTTPHelper.swift in Sources */ = {isa = PBXBuildFile; fileRef = 04E0CF2E278748C000CEABAC /* HTTPHelper.swift */; };
/* End PBXBuildFile section */

/* Begin PBXFileReference section */
		04989A2D27854F17008E480C /* NewsViewController.swift */ = {isa = PBXFileReference; lastKnownFileType = sourcecode.swift; path = NewsViewController.swift; sourceTree = "<group>"; };
		04AD76E527859A86008D5F83 /* NewsTableViewCell.swift */ = {isa = PBXFileReference; lastKnownFileType = sourcecode.swift; path = NewsTableViewCell.swift; sourceTree = "<group>"; };
		04AD76E92785DAF5008D5F83 /* CointTableViewCell.swift */ = {isa = PBXFileReference; lastKnownFileType = sourcecode.swift; path = CointTableViewCell.swift; sourceTree = "<group>"; };
		04BCC722278493900093DD73 /* CrptoInfo.app */ = {isa = PBXFileReference; explicitFileType = wrapper.application; includeInIndex = 0; path = CrptoInfo.app; sourceTree = BUILT_PRODUCTS_DIR; };
		04BCC725278493900093DD73 /* AppDelegate.swift */ = {isa = PBXFileReference; lastKnownFileType = sourcecode.swift; path = AppDelegate.swift; sourceTree = "<group>"; };
		04BCC729278493900093DD73 /* ViewController.swift */ = {isa = PBXFileReference; lastKnownFileType = sourcecode.swift; path = ViewController.swift; sourceTree = "<group>"; };
		04BCC72C278493900093DD73 /* Base */ = {isa = PBXFileReference; lastKnownFileType = file.storyboard; name = Base; path = Base.lproj/Main.storyboard; sourceTree = "<group>"; };
		04BCC72E278493920093DD73 /* Assets.xcassets */ = {isa = PBXFileReference; lastKnownFileType = folder.assetcatalog; path = Assets.xcassets; sourceTree = "<group>"; };
		04BCC731278493920093DD73 /* Base */ = {isa = PBXFileReference; lastKnownFileType = file.storyboard; name = Base; path = Base.lproj/LaunchScreen.storyboard; sourceTree = "<group>"; };
		04BCC733278493920093DD73 /* Info.plist */ = {isa = PBXFileReference; lastKnownFileType = text.plist.xml; path = Info.plist; sourceTree = "<group>"; };
		04BCC73C2784A0F70093DD73 /* Coin.swift */ = {isa = PBXFileReference; lastKnownFileType = sourcecode.swift; path = Coin.swift; sourceTree = "<group>"; };
		04BCC73E2784A6660093DD73 /* News.swift */ = {isa = PBXFileReference; lastKnownFileType = sourcecode.swift; path = News.swift; sourceTree = "<group>"; };
		04BCC7452784AC5C0093DD73 /* NetworkResult.swift */ = {isa = PBXFileReference; lastKnownFileType = sourcecode.swift; path = NetworkResult.swift; sourceTree = "<group>"; };
		04BCC7492784B0460093DD73 /* NewsNetworkProvider.swift */ = {isa = PBXFileReference; lastKnownFileType = sourcecode.swift; path = NewsNetworkProvider.swift; sourceTree = "<group>"; };
		04BCC74B2784B2490093DD73 /* NewsUseCase.swift */ = {isa = PBXFileReference; lastKnownFileType = sourcecode.swift; path = NewsUseCase.swift; sourceTree = "<group>"; };
		04BCC74E2784BC3E0093DD73 /* NewsViewModel.swift */ = {isa = PBXFileReference; lastKnownFileType = sourcecode.swift; path = NewsViewModel.swift; sourceTree = "<group>"; };
		04BCC7502784BCA90093DD73 /* NewsGuideline.swift */ = {isa = PBXFileReference; lastKnownFileType = sourcecode.swift; path = NewsGuideline.swift; sourceTree = "<group>"; };
		04E0CF18278691E100CEABAC /* CoinNetworkProvider.swift */ = {isa = PBXFileReference; lastKnownFileType = sourcecode.swift; path = CoinNetworkProvider.swift; sourceTree = "<group>"; };
		04E0CF1A2786A3DF00CEABAC /* CoinUseCase.swift */ = {isa = PBXFileReference; lastKnownFileType = sourcecode.swift; path = CoinUseCase.swift; sourceTree = "<group>"; };
		04E0CF1D2786B84E00CEABAC /* CoinGuideline.swift */ = {isa = PBXFileReference; lastKnownFileType = sourcecode.swift; path = CoinGuideline.swift; sourceTree = "<group>"; };
		04E0CF1F2786BA2B00CEABAC /* CoinViewModel.swift */ = {isa = PBXFileReference; lastKnownFileType = sourcecode.swift; path = CoinViewModel.swift; sourceTree = "<group>"; };
		04E0CF222786C12500CEABAC /* ListCoinViewController.swift */ = {isa = PBXFileReference; lastKnownFileType = sourcecode.swift; path = ListCoinViewController.swift; sourceTree = "<group>"; };
		04E0CF242787249200CEABAC /* ListCoinUIControll.swift */ = {isa = PBXFileReference; lastKnownFileType = sourcecode.swift; path = ListCoinUIControll.swift; sourceTree = "<group>"; };
		04E0CF262787258400CEABAC /* UIGuideHelper.swift */ = {isa = PBXFileReference; lastKnownFileType = sourcecode.swift; path = UIGuideHelper.swift; sourceTree = "<group>"; };
		04E0CF2827872F5A00CEABAC /* CoinCellUIControll.swift */ = {isa = PBXFileReference; lastKnownFileType = sourcecode.swift; path = CoinCellUIControll.swift; sourceTree = "<group>"; };
		04E0CF2A278730B600CEABAC /* CoinCellUIGuide.swift */ = {isa = PBXFileReference; lastKnownFileType = sourcecode.swift; path = CoinCellUIGuide.swift; sourceTree = "<group>"; };
		04E0CF2C2787438F00CEABAC /* ListNewsUIControll.swift */ = {isa = PBXFileReference; lastKnownFileType = sourcecode.swift; path = ListNewsUIControll.swift; sourceTree = "<group>"; };
		04E0CF2E278748C000CEABAC /* HTTPHelper.swift */ = {isa = PBXFileReference; lastKnownFileType = sourcecode.swift; path = HTTPHelper.swift; sourceTree = "<group>"; };
		1E70A554D6C4D4D650C43552 /* Pods-CrptoInfo.release.xcconfig */ = {isa = PBXFileReference; includeInIndex = 1; lastKnownFileType = text.xcconfig; name = "Pods-CrptoInfo.release.xcconfig"; path = "Target Support Files/Pods-CrptoInfo/Pods-CrptoInfo.release.xcconfig"; sourceTree = "<group>"; };
		3E28E9A5982211A364A74363 /* Pods-CrptoInfo.debug.xcconfig */ = {isa = PBXFileReference; includeInIndex = 1; lastKnownFileType = text.xcconfig; name = "Pods-CrptoInfo.debug.xcconfig"; path = "Target Support Files/Pods-CrptoInfo/Pods-CrptoInfo.debug.xcconfig"; sourceTree = "<group>"; };
		BCF80DD379999D08D9975071 /* Pods_CrptoInfo.framework */ = {isa = PBXFileReference; explicitFileType = wrapper.framework; includeInIndex = 0; path = Pods_CrptoInfo.framework; sourceTree = BUILT_PRODUCTS_DIR; };
/* End PBXFileReference section */

/* Begin PBXFrameworksBuildPhase section */
		04BCC71F278493900093DD73 /* Frameworks */ = {
			isa = PBXFrameworksBuildPhase;
			buildActionMask = 2147483647;
			files = (
				03342B632D32943B629A061B /* Pods_CrptoInfo.framework in Frameworks */,
			);
			runOnlyForDeploymentPostprocessing = 0;
		};
/* End PBXFrameworksBuildPhase section */

/* Begin PBXGroup section */
		04989A2C27854EE5008E480C /* ViewController */ = {
			isa = PBXGroup;
			children = (
				04989A2D27854F17008E480C /* NewsViewController.swift */,
				04E0CF2C2787438F00CEABAC /* ListNewsUIControll.swift */,
			);
			path = ViewController;
			sourceTree = "<group>";
		};
		04AD76E2278599D8008D5F83 /* CustomView */ = {
			isa = PBXGroup;
			children = (
				04AD76E72785DAC4008D5F83 /* CoinTableViewCell */,
				04AD76E327859A5D008D5F83 /* NewsTableViewCell */,
			);
			path = CustomView;
			sourceTree = "<group>";
		};
		04AD76E327859A5D008D5F83 /* NewsTableViewCell */ = {
			isa = PBXGroup;
			children = (
				04AD76E427859A6F008D5F83 /* ViewController */,
			);
			path = NewsTableViewCell;
			sourceTree = "<group>";
		};
		04AD76E427859A6F008D5F83 /* ViewController */ = {
			isa = PBXGroup;
			children = (
				04AD76E527859A86008D5F83 /* NewsTableViewCell.swift */,
			);
			path = ViewController;
			sourceTree = "<group>";
		};
		04AD76E72785DAC4008D5F83 /* CoinTableViewCell */ = {
			isa = PBXGroup;
			children = (
				04AD76E82785DAD5008D5F83 /* ViewController */,
			);
			path = CoinTableViewCell;
			sourceTree = "<group>";
		};
		04AD76E82785DAD5008D5F83 /* ViewController */ = {
			isa = PBXGroup;
			children = (
				04AD76E92785DAF5008D5F83 /* CointTableViewCell.swift */,
				04E0CF2827872F5A00CEABAC /* CoinCellUIControll.swift */,
				04E0CF2A278730B600CEABAC /* CoinCellUIGuide.swift */,
			);
			path = ViewController;
			sourceTree = "<group>";
		};
		04BCC719278493900093DD73 = {
			isa = PBXGroup;
			children = (
				04BCC724278493900093DD73 /* CrptoInfo */,
				04BCC723278493900093DD73 /* Products */,
				0DDBB710D18308AB773864C8 /* Pods */,
				75951BB5922066E210ABE92E /* Frameworks */,
			);
			sourceTree = "<group>";
		};
		04BCC723278493900093DD73 /* Products */ = {
			isa = PBXGroup;
			children = (
				04BCC722278493900093DD73 /* CrptoInfo.app */,
			);
			name = Products;
			sourceTree = "<group>";
		};
		04BCC724278493900093DD73 /* CrptoInfo */ = {
			isa = PBXGroup;
			children = (
				04AD76E2278599D8008D5F83 /* CustomView */,
				04BCC73B27849D650093DD73 /* Helper */,
				04BCC73A27849D2F0093DD73 /* Controller */,
				04BCC73927849D200093DD73 /* Model */,
				04BCC725278493900093DD73 /* AppDelegate.swift */,
				04BCC729278493900093DD73 /* ViewController.swift */,
				04BCC72B278493900093DD73 /* Main.storyboard */,
				04BCC72E278493920093DD73 /* Assets.xcassets */,
				04BCC730278493920093DD73 /* LaunchScreen.storyboard */,
				04BCC733278493920093DD73 /* Info.plist */,
			);
			path = CrptoInfo;
			sourceTree = "<group>";
		};
		04BCC73927849D200093DD73 /* Model */ = {
			isa = PBXGroup;
			children = (
				04BCC73C2784A0F70093DD73 /* Coin.swift */,
				04BCC73E2784A6660093DD73 /* News.swift */,
			);
			path = Model;
			sourceTree = "<group>";
		};
		04BCC73A27849D2F0093DD73 /* Controller */ = {
			isa = PBXGroup;
			children = (
				04E0CF152786917200CEABAC /* Coin */,
				04BCC7472784AFDC0093DD73 /* News */,
			);
			path = Controller;
			sourceTree = "<group>";
		};
		04BCC73B27849D650093DD73 /* Helper */ = {
			isa = PBXGroup;
			children = (
				04BCC7452784AC5C0093DD73 /* NetworkResult.swift */,
				04E0CF262787258400CEABAC /* UIGuideHelper.swift */,
				04E0CF2E278748C000CEABAC /* HTTPHelper.swift */,
			);
			path = Helper;
			sourceTree = "<group>";
		};
		04BCC7472784AFDC0093DD73 /* News */ = {
			isa = PBXGroup;
			children = (
				04989A2C27854EE5008E480C /* ViewController */,
				04BCC74D2784BC240093DD73 /* ViewModel */,
				04BCC7482784B02B0093DD73 /* NewsUseCases */,
			);
			path = News;
			sourceTree = "<group>";
		};
		04BCC7482784B02B0093DD73 /* NewsUseCases */ = {
			isa = PBXGroup;
			children = (
				04BCC7492784B0460093DD73 /* NewsNetworkProvider.swift */,
				04BCC74B2784B2490093DD73 /* NewsUseCase.swift */,
			);
			path = NewsUseCases;
			sourceTree = "<group>";
		};
		04BCC74D2784BC240093DD73 /* ViewModel */ = {
			isa = PBXGroup;
			children = (
				04BCC74E2784BC3E0093DD73 /* NewsViewModel.swift */,
				04BCC7502784BCA90093DD73 /* NewsGuideline.swift */,
			);
			path = ViewModel;
			sourceTree = "<group>";
		};
		04E0CF152786917200CEABAC /* Coin */ = {
			isa = PBXGroup;
			children = (
				04E0CF212786BFA900CEABAC /* ViewController */,
				04E0CF1C2786B64400CEABAC /* ViewModel */,
				04E0CF162786918300CEABAC /* CoinUseCases */,
			);
			path = Coin;
			sourceTree = "<group>";
		};
		04E0CF162786918300CEABAC /* CoinUseCases */ = {
			isa = PBXGroup;
			children = (
				04E0CF18278691E100CEABAC /* CoinNetworkProvider.swift */,
				04E0CF1A2786A3DF00CEABAC /* CoinUseCase.swift */,
			);
			path = CoinUseCases;
			sourceTree = "<group>";
		};
		04E0CF1C2786B64400CEABAC /* ViewModel */ = {
			isa = PBXGroup;
			children = (
				04E0CF1D2786B84E00CEABAC /* CoinGuideline.swift */,
				04E0CF1F2786BA2B00CEABAC /* CoinViewModel.swift */,
			);
			path = ViewModel;
			sourceTree = "<group>";
		};
		04E0CF212786BFA900CEABAC /* ViewController */ = {
			isa = PBXGroup;
			children = (
				04E0CF222786C12500CEABAC /* ListCoinViewController.swift */,
				04E0CF242787249200CEABAC /* ListCoinUIControll.swift */,
			);
			path = ViewController;
			sourceTree = "<group>";
		};
		0DDBB710D18308AB773864C8 /* Pods */ = {
			isa = PBXGroup;
			children = (
				3E28E9A5982211A364A74363 /* Pods-CrptoInfo.debug.xcconfig */,
				1E70A554D6C4D4D650C43552 /* Pods-CrptoInfo.release.xcconfig */,
			);
			path = Pods;
			sourceTree = "<group>";
		};
		75951BB5922066E210ABE92E /* Frameworks */ = {
			isa = PBXGroup;
			children = (
				BCF80DD379999D08D9975071 /* Pods_CrptoInfo.framework */,
			);
			name = Frameworks;
			sourceTree = "<group>";
		};
/* End PBXGroup section */

/* Begin PBXNativeTarget section */
		04BCC721278493900093DD73 /* CrptoInfo */ = {
			isa = PBXNativeTarget;
			buildConfigurationList = 04BCC736278493920093DD73 /* Build configuration list for PBXNativeTarget "CrptoInfo" */;
			buildPhases = (
				AA364610248B7CC3E2E64326 /* [CP] Check Pods Manifest.lock */,
				04BCC71E278493900093DD73 /* Sources */,
				04BCC71F278493900093DD73 /* Frameworks */,
				04BCC720278493900093DD73 /* Resources */,
				639500254744E9E08C0672BF /* [CP] Embed Pods Frameworks */,
			);
			buildRules = (
			);
			dependencies = (
			);
			name = CrptoInfo;
			productName = CrptoInfo;
			productReference = 04BCC722278493900093DD73 /* CrptoInfo.app */;
			productType = "com.apple.product-type.application";
		};
/* End PBXNativeTarget section */

/* Begin PBXProject section */
		04BCC71A278493900093DD73 /* Project object */ = {
			isa = PBXProject;
			attributes = {
				BuildIndependentTargetsInParallel = 1;
				LastSwiftUpdateCheck = 1300;
				LastUpgradeCheck = 1300;
				TargetAttributes = {
					04BCC721278493900093DD73 = {
						CreatedOnToolsVersion = 13.0;
					};
				};
			};
			buildConfigurationList = 04BCC71D278493900093DD73 /* Build configuration list for PBXProject "CrptoInfo" */;
			compatibilityVersion = "Xcode 13.0";
			developmentRegion = en;
			hasScannedForEncodings = 0;
			knownRegions = (
				en,
				Base,
			);
			mainGroup = 04BCC719278493900093DD73;
			productRefGroup = 04BCC723278493900093DD73 /* Products */;
			projectDirPath = "";
			projectRoot = "";
			targets = (
				04BCC721278493900093DD73 /* CrptoInfo */,
			);
		};
/* End PBXProject section */

/* Begin PBXResourcesBuildPhase section */
		04BCC720278493900093DD73 /* Resources */ = {
			isa = PBXResourcesBuildPhase;
			buildActionMask = 2147483647;
			files = (
				04BCC732278493920093DD73 /* LaunchScreen.storyboard in Resources */,
				04BCC72F278493920093DD73 /* Assets.xcassets in Resources */,
				04BCC72D278493900093DD73 /* Main.storyboard in Resources */,
			);
			runOnlyForDeploymentPostprocessing = 0;
		};
/* End PBXResourcesBuildPhase section */

/* Begin PBXShellScriptBuildPhase section */
		639500254744E9E08C0672BF /* [CP] Embed Pods Frameworks */ = {
			isa = PBXShellScriptBuildPhase;
			buildActionMask = 2147483647;
			files = (
			);
			inputFileListPaths = (
				"${PODS_ROOT}/Target Support Files/Pods-CrptoInfo/Pods-CrptoInfo-frameworks-${CONFIGURATION}-input-files.xcfilelist",
			);
			name = "[CP] Embed Pods Frameworks";
			outputFileListPaths = (
				"${PODS_ROOT}/Target Support Files/Pods-CrptoInfo/Pods-CrptoInfo-frameworks-${CONFIGURATION}-output-files.xcfilelist",
			);
			runOnlyForDeploymentPostprocessing = 0;
			shellPath = /bin/sh;
			shellScript = "\"${PODS_ROOT}/Target Support Files/Pods-CrptoInfo/Pods-CrptoInfo-frameworks.sh\"\n";
			showEnvVarsInLog = 0;
		};
		AA364610248B7CC3E2E64326 /* [CP] Check Pods Manifest.lock */ = {
			isa = PBXShellScriptBuildPhase;
			buildActionMask = 2147483647;
			files = (
			);
			inputFileListPaths = (
			);
			inputPaths = (
				"${PODS_PODFILE_DIR_PATH}/Podfile.lock",
				"${PODS_ROOT}/Manifest.lock",
			);
			name = "[CP] Check Pods Manifest.lock";
			outputFileListPaths = (
			);
			outputPaths = (
				"$(DERIVED_FILE_DIR)/Pods-CrptoInfo-checkManifestLockResult.txt",
			);
			runOnlyForDeploymentPostprocessing = 0;
			shellPath = /bin/sh;
			shellScript = "diff \"${PODS_PODFILE_DIR_PATH}/Podfile.lock\" \"${PODS_ROOT}/Manifest.lock\" > /dev/null\nif [ $? != 0 ] ; then\n    # print error to STDERR\n    echo \"error: The sandbox is not in sync with the Podfile.lock. Run 'pod install' or update your CocoaPods installation.\" >&2\n    exit 1\nfi\n# This output is used by Xcode 'outputs' to avoid re-running this script phase.\necho \"SUCCESS\" > \"${SCRIPT_OUTPUT_FILE_0}\"\n";
			showEnvVarsInLog = 0;
		};
/* End PBXShellScriptBuildPhase section */

/* Begin PBXSourcesBuildPhase section */
		04BCC71E278493900093DD73 /* Sources */ = {
			isa = PBXSourcesBuildPhase;
			buildActionMask = 2147483647;
			files = (
				04E0CF232786C12500CEABAC /* ListCoinViewController.swift in Sources */,
				04E0CF252787249200CEABAC /* ListCoinUIControll.swift in Sources */,
				04BCC73D2784A0F70093DD73 /* Coin.swift in Sources */,
				04E0CF2927872F5A00CEABAC /* CoinCellUIControll.swift in Sources */,
				04AD76E627859A86008D5F83 /* NewsTableViewCell.swift in Sources */,
				04BCC7462784AC5C0093DD73 /* NetworkResult.swift in Sources */,
				04E0CF202786BA2B00CEABAC /* CoinViewModel.swift in Sources */,
				04BCC74A2784B0460093DD73 /* NewsNetworkProvider.swift in Sources */,
				04989A2E27854F17008E480C /* NewsViewController.swift in Sources */,
				04BCC72A278493900093DD73 /* ViewController.swift in Sources */,
				04E0CF1B2786A3DF00CEABAC /* CoinUseCase.swift in Sources */,
				04BCC74C2784B2490093DD73 /* NewsUseCase.swift in Sources */,
				04BCC73F2784A6660093DD73 /* News.swift in Sources */,
				04BCC726278493900093DD73 /* AppDelegate.swift in Sources */,
				04E0CF2F278748C000CEABAC /* HTTPHelper.swift in Sources */,
				04E0CF19278691E200CEABAC /* CoinNetworkProvider.swift in Sources */,
				04E0CF2D2787438F00CEABAC /* ListNewsUIControll.swift in Sources */,
				04E0CF2B278730B600CEABAC /* CoinCellUIGuide.swift in Sources */,
				04E0CF272787258400CEABAC /* UIGuideHelper.swift in Sources */,
				04BCC74F2784BC3E0093DD73 /* NewsViewModel.swift in Sources */,
				04BCC7512784BCA90093DD73 /* NewsGuideline.swift in Sources */,
				04AD76EA2785DAF5008D5F83 /* CointTableViewCell.swift in Sources */,
				04E0CF1E2786B84E00CEABAC /* CoinGuideline.swift in Sources */,
			);
			runOnlyForDeploymentPostprocessing = 0;
		};
/* End PBXSourcesBuildPhase section */

/* Begin PBXVariantGroup section */
		04BCC72B278493900093DD73 /* Main.storyboard */ = {
			isa = PBXVariantGroup;
			children = (
				04BCC72C278493900093DD73 /* Base */,
			);
			name = Main.storyboard;
			sourceTree = "<group>";
		};
		04BCC730278493920093DD73 /* LaunchScreen.storyboard */ = {
			isa = PBXVariantGroup;
			children = (
				04BCC731278493920093DD73 /* Base */,
			);
			name = LaunchScreen.storyboard;
			sourceTree = "<group>";
		};
/* End PBXVariantGroup section */

/* Begin XCBuildConfiguration section */
		04BCC734278493920093DD73 /* Debug */ = {
			isa = XCBuildConfiguration;
			buildSettings = {
				ALWAYS_SEARCH_USER_PATHS = NO;
				CLANG_ANALYZER_NONNULL = YES;
				CLANG_ANALYZER_NUMBER_OBJECT_CONVERSION = YES_AGGRESSIVE;
				CLANG_CXX_LANGUAGE_STANDARD = "gnu++17";
				CLANG_CXX_LIBRARY = "libc++";
				CLANG_ENABLE_MODULES = YES;
				CLANG_ENABLE_OBJC_ARC = YES;
				CLANG_ENABLE_OBJC_WEAK = YES;
				CLANG_WARN_BLOCK_CAPTURE_AUTORELEASING = YES;
				CLANG_WARN_BOOL_CONVERSION = YES;
				CLANG_WARN_COMMA = YES;
				CLANG_WARN_CONSTANT_CONVERSION = YES;
				CLANG_WARN_DEPRECATED_OBJC_IMPLEMENTATIONS = YES;
				CLANG_WARN_DIRECT_OBJC_ISA_USAGE = YES_ERROR;
				CLANG_WARN_DOCUMENTATION_COMMENTS = YES;
				CLANG_WARN_EMPTY_BODY = YES;
				CLANG_WARN_ENUM_CONVERSION = YES;
				CLANG_WARN_INFINITE_RECURSION = YES;
				CLANG_WARN_INT_CONVERSION = YES;
				CLANG_WARN_NON_LITERAL_NULL_CONVERSION = YES;
				CLANG_WARN_OBJC_IMPLICIT_RETAIN_SELF = YES;
				CLANG_WARN_OBJC_LITERAL_CONVERSION = YES;
				CLANG_WARN_OBJC_ROOT_CLASS = YES_ERROR;
				CLANG_WARN_QUOTED_INCLUDE_IN_FRAMEWORK_HEADER = YES;
				CLANG_WARN_RANGE_LOOP_ANALYSIS = YES;
				CLANG_WARN_STRICT_PROTOTYPES = YES;
				CLANG_WARN_SUSPICIOUS_MOVE = YES;
				CLANG_WARN_UNGUARDED_AVAILABILITY = YES_AGGRESSIVE;
				CLANG_WARN_UNREACHABLE_CODE = YES;
				CLANG_WARN__DUPLICATE_METHOD_MATCH = YES;
				COPY_PHASE_STRIP = NO;
				DEBUG_INFORMATION_FORMAT = dwarf;
				ENABLE_STRICT_OBJC_MSGSEND = YES;
				ENABLE_TESTABILITY = YES;
				GCC_C_LANGUAGE_STANDARD = gnu11;
				GCC_DYNAMIC_NO_PIC = NO;
				GCC_NO_COMMON_BLOCKS = YES;
				GCC_OPTIMIZATION_LEVEL = 0;
				GCC_PREPROCESSOR_DEFINITIONS = (
					"DEBUG=1",
					"$(inherited)",
				);
				GCC_WARN_64_TO_32_BIT_CONVERSION = YES;
				GCC_WARN_ABOUT_RETURN_TYPE = YES_ERROR;
				GCC_WARN_UNDECLARED_SELECTOR = YES;
				GCC_WARN_UNINITIALIZED_AUTOS = YES_AGGRESSIVE;
				GCC_WARN_UNUSED_FUNCTION = YES;
				GCC_WARN_UNUSED_VARIABLE = YES;
				IPHONEOS_DEPLOYMENT_TARGET = 15.0;
				MTL_ENABLE_DEBUG_INFO = INCLUDE_SOURCE;
				MTL_FAST_MATH = YES;
				ONLY_ACTIVE_ARCH = YES;
				SDKROOT = iphoneos;
				SWIFT_ACTIVE_COMPILATION_CONDITIONS = DEBUG;
				SWIFT_OPTIMIZATION_LEVEL = "-Onone";
			};
			name = Debug;
		};
		04BCC735278493920093DD73 /* Release */ = {
			isa = XCBuildConfiguration;
			buildSettings = {
				ALWAYS_SEARCH_USER_PATHS = NO;
				CLANG_ANALYZER_NONNULL = YES;
				CLANG_ANALYZER_NUMBER_OBJECT_CONVERSION = YES_AGGRESSIVE;
				CLANG_CXX_LANGUAGE_STANDARD = "gnu++17";
				CLANG_CXX_LIBRARY = "libc++";
				CLANG_ENABLE_MODULES = YES;
				CLANG_ENABLE_OBJC_ARC = YES;
				CLANG_ENABLE_OBJC_WEAK = YES;
				CLANG_WARN_BLOCK_CAPTURE_AUTORELEASING = YES;
				CLANG_WARN_BOOL_CONVERSION = YES;
				CLANG_WARN_COMMA = YES;
				CLANG_WARN_CONSTANT_CONVERSION = YES;
				CLANG_WARN_DEPRECATED_OBJC_IMPLEMENTATIONS = YES;
				CLANG_WARN_DIRECT_OBJC_ISA_USAGE = YES_ERROR;
				CLANG_WARN_DOCUMENTATION_COMMENTS = YES;
				CLANG_WARN_EMPTY_BODY = YES;
				CLANG_WARN_ENUM_CONVERSION = YES;
				CLANG_WARN_INFINITE_RECURSION = YES;
				CLANG_WARN_INT_CONVERSION = YES;
				CLANG_WARN_NON_LITERAL_NULL_CONVERSION = YES;
				CLANG_WARN_OBJC_IMPLICIT_RETAIN_SELF = YES;
				CLANG_WARN_OBJC_LITERAL_CONVERSION = YES;
				CLANG_WARN_OBJC_ROOT_CLASS = YES_ERROR;
				CLANG_WARN_QUOTED_INCLUDE_IN_FRAMEWORK_HEADER = YES;
				CLANG_WARN_RANGE_LOOP_ANALYSIS = YES;
				CLANG_WARN_STRICT_PROTOTYPES = YES;
				CLANG_WARN_SUSPICIOUS_MOVE = YES;
				CLANG_WARN_UNGUARDED_AVAILABILITY = YES_AGGRESSIVE;
				CLANG_WARN_UNREACHABLE_CODE = YES;
				CLANG_WARN__DUPLICATE_METHOD_MATCH = YES;
				COPY_PHASE_STRIP = NO;
				DEBUG_INFORMATION_FORMAT = "dwarf-with-dsym";
				ENABLE_NS_ASSERTIONS = NO;
				ENABLE_STRICT_OBJC_MSGSEND = YES;
				GCC_C_LANGUAGE_STANDARD = gnu11;
				GCC_NO_COMMON_BLOCKS = YES;
				GCC_WARN_64_TO_32_BIT_CONVERSION = YES;
				GCC_WARN_ABOUT_RETURN_TYPE = YES_ERROR;
				GCC_WARN_UNDECLARED_SELECTOR = YES;
				GCC_WARN_UNINITIALIZED_AUTOS = YES_AGGRESSIVE;
				GCC_WARN_UNUSED_FUNCTION = YES;
				GCC_WARN_UNUSED_VARIABLE = YES;
				IPHONEOS_DEPLOYMENT_TARGET = 15.0;
				MTL_ENABLE_DEBUG_INFO = NO;
				MTL_FAST_MATH = YES;
				SDKROOT = iphoneos;
				SWIFT_COMPILATION_MODE = wholemodule;
				SWIFT_OPTIMIZATION_LEVEL = "-O";
				VALIDATE_PRODUCT = YES;
			};
			name = Release;
		};
		04BCC737278493920093DD73 /* Debug */ = {
			isa = XCBuildConfiguration;
			baseConfigurationReference = 3E28E9A5982211A364A74363 /* Pods-CrptoInfo.debug.xcconfig */;
			buildSettings = {
				ASSETCATALOG_COMPILER_APPICON_NAME = AppIcon;
				ASSETCATALOG_COMPILER_GLOBAL_ACCENT_COLOR_NAME = AccentColor;
				CODE_SIGN_STYLE = Automatic;
				CURRENT_PROJECT_VERSION = 1;
				DEVELOPMENT_TEAM = H9Y26B6GZB;
				GENERATE_INFOPLIST_FILE = YES;
				INFOPLIST_FILE = CrptoInfo/Info.plist;
				INFOPLIST_KEY_UIApplicationSupportsIndirectInputEvents = YES;
				INFOPLIST_KEY_UILaunchStoryboardName = LaunchScreen;
				INFOPLIST_KEY_UIMainStoryboardFile = Main;
				INFOPLIST_KEY_UISupportedInterfaceOrientations = UIInterfaceOrientationPortrait;
				INFOPLIST_KEY_UISupportedInterfaceOrientations_iPad = "UIInterfaceOrientationPortrait UIInterfaceOrientationPortraitUpsideDown UIInterfaceOrientationLandscapeLeft UIInterfaceOrientationLandscapeRight";
				INFOPLIST_KEY_UISupportedInterfaceOrientations_iPhone = "UIInterfaceOrientationPortrait UIInterfaceOrientationLandscapeLeft UIInterfaceOrientationLandscapeRight";
				IPHONEOS_DEPLOYMENT_TARGET = 10.0;
				LD_RUNPATH_SEARCH_PATHS = (
					"$(inherited)",
					"@executable_path/Frameworks",
				);
				MARKETING_VERSION = 1.0;
				PRODUCT_BUNDLE_IDENTIFIER = JanTest.CrptoInfo;
				PRODUCT_NAME = "$(TARGET_NAME)";
				SWIFT_EMIT_LOC_STRINGS = YES;
				SWIFT_VERSION = 5.0;
				TARGETED_DEVICE_FAMILY = "1,2";
			};
			name = Debug;
		};
		04BCC738278493920093DD73 /* Release */ = {
			isa = XCBuildConfiguration;
			baseConfigurationReference = 1E70A554D6C4D4D650C43552 /* Pods-CrptoInfo.release.xcconfig */;
			buildSettings = {
				ASSETCATALOG_COMPILER_APPICON_NAME = AppIcon;
				ASSETCATALOG_COMPILER_GLOBAL_ACCENT_COLOR_NAME = AccentColor;
				CODE_SIGN_STYLE = Automatic;
				CURRENT_PROJECT_VERSION = 1;
				DEVELOPMENT_TEAM = H9Y26B6GZB;
				GENERATE_INFOPLIST_FILE = YES;
				INFOPLIST_FILE = CrptoInfo/Info.plist;
				INFOPLIST_KEY_UIApplicationSupportsIndirectInputEvents = YES;
				INFOPLIST_KEY_UILaunchStoryboardName = LaunchScreen;
				INFOPLIST_KEY_UIMainStoryboardFile = Main;
				INFOPLIST_KEY_UISupportedInterfaceOrientations = UIInterfaceOrientationPortrait;
				INFOPLIST_KEY_UISupportedInterfaceOrientations_iPad = "UIInterfaceOrientationPortrait UIInterfaceOrientationPortraitUpsideDown UIInterfaceOrientationLandscapeLeft UIInterfaceOrientationLandscapeRight";
				INFOPLIST_KEY_UISupportedInterfaceOrientations_iPhone = "UIInterfaceOrientationPortrait UIInterfaceOrientationLandscapeLeft UIInterfaceOrientationLandscapeRight";
				IPHONEOS_DEPLOYMENT_TARGET = 10.0;
				LD_RUNPATH_SEARCH_PATHS = (
					"$(inherited)",
					"@executable_path/Frameworks",
				);
				MARKETING_VERSION = 1.0;
				PRODUCT_BUNDLE_IDENTIFIER = JanTest.CrptoInfo;
				PRODUCT_NAME = "$(TARGET_NAME)";
				SWIFT_EMIT_LOC_STRINGS = YES;
				SWIFT_VERSION = 5.0;
				TARGETED_DEVICE_FAMILY = "1,2";
			};
			name = Release;
		};
/* End XCBuildConfiguration section */

/* Begin XCConfigurationList section */
		04BCC71D278493900093DD73 /* Build configuration list for PBXProject "CrptoInfo" */ = {
			isa = XCConfigurationList;
			buildConfigurations = (
				04BCC734278493920093DD73 /* Debug */,
				04BCC735278493920093DD73 /* Release */,
			);
			defaultConfigurationIsVisible = 0;
			defaultConfigurationName = Release;
		};
		04BCC736278493920093DD73 /* Build configuration list for PBXNativeTarget "CrptoInfo" */ = {
			isa = XCConfigurationList;
			buildConfigurations = (
				04BCC737278493920093DD73 /* Debug */,
				04BCC738278493920093DD73 /* Release */,
			);
			defaultConfigurationIsVisible = 0;
			defaultConfigurationName = Release;
		};
/* End XCConfigurationList section */
	};
	rootObject = 04BCC71A278493900093DD73 /* Project object */;
}
